
Microsoft Visual Studio Solution File, Format Version 12.00
# Visual Studio 15
VisualStudioVersion = 15.0.33403.129
MinimumVisualStudioVersion = 10.0.40219.1
Project("{FAE04EC0-301F-11D3-BF4B-00C04F79EFBC}") = "WebAtlas", "WebAtlas\WebAtlas.csproj", "{6794A0AA-E4D0-45D6-9A54-CBBD6193B495}"
EndProject
Global
	GlobalSection(SolutionConfigurationPlatforms) = preSolution
		Debug|Any CPU = Debug|Any CPU
		Release|Any CPU = Release|Any CPU
	EndGlobalSection
	GlobalSection(ProjectConfigurationPlatforms) = postSolution
		{6794A0AA-E4D0-45D6-9A54-CBBD6193B495}.Debug|Any CPU.ActiveCfg = Debug|Any CPU
		{6794A0AA-E4D0-45D6-9A54-CBBD6193B495}.Debug|Any CPU.Build.0 = Debug|Any CPU
		{6794A0AA-E4D0-45D6-9A54-CBBD6193B495}.Release|Any CPU.ActiveCfg = Release|Any CPU
		{6794A0AA-E4D0-45D6-9A54-CBBD6193B495}.Release|Any CPU.Build.0 = Release|Any CPU
	EndGlobalSection
	GlobalSection(SolutionProperties) = preSolution
		HideSolutionNode = FALSE
	EndGlobalSection
	GlobalSection(ExtensibilityGlobals) = postSolution
		SolutionGuid = {6E920D4A-E0C8-4B3D-9FA9-A3B6B2B25B0A}
	EndGlobalSection
EndGlobal
